
Microsoft Visual Studio Solution File, Format Version 12.00
# Visual Studio Version 17
VisualStudioVersion = 17.0.32112.339
MinimumVisualStudioVersion = 10.0.40219.1
Project("{9A19103F-16F7-4668-BE54-9A1E7A4F7556}") = "FtpClient.Core", "FtpClient.Core.csproj", "{AAD26C70-BF33-4C42-9A3F-D74CE33FC88B}"
EndProject
Global
	GlobalSection(SolutionConfigurationPlatforms) = preSolution
		Debug|Any CPU = Debug|Any CPU
		Release|Any CPU = Release|Any CPU
	EndGlobalSection
	GlobalSection(ProjectConfigurationPlatforms) = postSolution
		{AAD26C70-BF33-4C42-9A3F-D74CE33FC88B}.Debug|Any CPU.ActiveCfg = Debug|Any CPU
		{AAD26C70-BF33-4C42-9A3F-D74CE33FC88B}.Debug|Any CPU.Build.0 = Debug|Any CPU
		{AAD26C70-BF33-4C42-9A3F-D74CE33FC88B}.Release|Any CPU.ActiveCfg = Release|Any CPU
		{AAD26C70-BF33-4C42-9A3F-D74CE33FC88B}.Release|Any CPU.Build.0 = Release|Any CPU
	EndGlobalSection
	GlobalSection(SolutionProperties) = preSolution
		HideSolutionNode = FALSE
	EndGlobalSection
	GlobalSection(ExtensibilityGlobals) = postSolution
		SolutionGuid = {1E1C661D-FF2E-4F18-BFDC-0C812224D505}
	EndGlobalSection
EndGlobal
